// !$*UTF8*$!
{
	archiveVersion = 1;
	classes = {
	};
	objectVersion = 46;
	objects = {

/* Begin PBXBuildFile section */
		25E2316049B99AFE8D01032E /* Pods_Twitter_Client.framework in Frameworks */ = {isa = PBXBuildFile; fileRef = 132351E31D5836917AF357AC /* Pods_Twitter_Client.framework */; };
		5E868E4A1E6643CB00BC2F78 /* LoginViewController.swift in Sources */ = {isa = PBXBuildFile; fileRef = 5E868E491E6643CB00BC2F78 /* LoginViewController.swift */; };
		5E9180311E638C0B009B4267 /* AppDelegate.swift in Sources */ = {isa = PBXBuildFile; fileRef = 5E9180301E638C0B009B4267 /* AppDelegate.swift */; };
		5E9180361E638C0B009B4267 /* Main.storyboard in Resources */ = {isa = PBXBuildFile; fileRef = 5E9180341E638C0B009B4267 /* Main.storyboard */; };
		5E9180381E638C0B009B4267 /* Assets.xcassets in Resources */ = {isa = PBXBuildFile; fileRef = 5E9180371E638C0B009B4267 /* Assets.xcassets */; };
		5E91803B1E638C0B009B4267 /* LaunchScreen.storyboard in Resources */ = {isa = PBXBuildFile; fileRef = 5E9180391E638C0B009B4267 /* LaunchScreen.storyboard */; };
/* End PBXBuildFile section */

/* Begin PBXFileReference section */
		132351E31D5836917AF357AC /* Pods_Twitter_Client.framework */ = {isa = PBXFileReference; explicitFileType = wrapper.framework; includeInIndex = 0; path = Pods_Twitter_Client.framework; sourceTree = BUILT_PRODUCTS_DIR; };
		23A16122E997FEEC3D21A79A /* Pods-Twitter Client.debug.xcconfig */ = {isa = PBXFileReference; includeInIndex = 1; lastKnownFileType = text.xcconfig; name = "Pods-Twitter Client.debug.xcconfig"; path = "Pods/Target Support Files/Pods-Twitter Client/Pods-Twitter Client.debug.xcconfig"; sourceTree = "<group>"; };
		5E868E491E6643CB00BC2F78 /* LoginViewController.swift */ = {isa = PBXFileReference; fileEncoding = 4; lastKnownFileType = sourcecode.swift; path = LoginViewController.swift; sourceTree = "<group>"; };
		5E91802D1E638C0B009B4267 /* Twitter Client.app */ = {isa = PBXFileReference; explicitFileType = wrapper.application; includeInIndex = 0; path = "Twitter Client.app"; sourceTree = BUILT_PRODUCTS_DIR; };
		5E9180301E638C0B009B4267 /* AppDelegate.swift */ = {isa = PBXFileReference; lastKnownFileType = sourcecode.swift; path = AppDelegate.swift; sourceTree = "<group>"; };
		5E9180351E638C0B009B4267 /* Base */ = {isa = PBXFileReference; lastKnownFileType = file.storyboard; name = Base; path = Base.lproj/Main.storyboard; sourceTree = "<group>"; };
		5E9180371E638C0B009B4267 /* Assets.xcassets */ = {isa = PBXFileReference; lastKnownFileType = folder.assetcatalog; path = Assets.xcassets; sourceTree = "<group>"; };
		5E91803A1E638C0B009B4267 /* Base */ = {isa = PBXFileReference; lastKnownFileType = file.storyboard; name = Base; path = Base.lproj/LaunchScreen.storyboard; sourceTree = "<group>"; };
		5E91803C1E638C0B009B4267 /* Info.plist */ = {isa = PBXFileReference; lastKnownFileType = text.plist.xml; path = Info.plist; sourceTree = "<group>"; };
		EBDC0FDE99B07E38EE9691B9 /* Pods-Twitter Client.release.xcconfig */ = {isa = PBXFileReference; includeInIndex = 1; lastKnownFileType = text.xcconfig; name = "Pods-Twitter Client.release.xcconfig"; path = "Pods/Target Support Files/Pods-Twitter Client/Pods-Twitter Client.release.xcconfig"; sourceTree = "<group>"; };
/* End PBXFileReference section */

/* Begin PBXFrameworksBuildPhase section */
		5E91802A1E638C0B009B4267 /* Frameworks */ = {
			isa = PBXFrameworksBuildPhase;
			buildActionMask = 2147483647;
			files = (
				25E2316049B99AFE8D01032E /* Pods_Twitter_Client.framework in Frameworks */,
			);
			runOnlyForDeploymentPostprocessing = 0;
		};
/* End PBXFrameworksBuildPhase section */

/* Begin PBXGroup section */
		10D8B92B4754FF20AAD41F21 /* Frameworks */ = {
			isa = PBXGroup;
			children = (
				132351E31D5836917AF357AC /* Pods_Twitter_Client.framework */,
			);
			name = Frameworks;
			sourceTree = "<group>";
		};
		146565BBE6C3D36AE862CF47 /* Pods */ = {
			isa = PBXGroup;
			children = (
				23A16122E997FEEC3D21A79A /* Pods-Twitter Client.debug.xcconfig */,
				EBDC0FDE99B07E38EE9691B9 /* Pods-Twitter Client.release.xcconfig */,
			);
			name = Pods;
			sourceTree = "<group>";
		};
		5E868E461E66439A00BC2F78 /* view controllers */ = {
			isa = PBXGroup;
			children = (
				5E868E491E6643CB00BC2F78 /* LoginViewController.swift */,
			);
			name = "view controllers";
			sourceTree = "<group>";
		};
		5E868E471E6643A700BC2F78 /* views */ = {
			isa = PBXGroup;
			children = (
			);
			name = views;
			sourceTree = "<group>";
		};
		5E868E481E6643AC00BC2F78 /* models */ = {
			isa = PBXGroup;
			children = (
			);
			name = models;
			sourceTree = "<group>";
		};
		5E9180241E638C0B009B4267 = {
			isa = PBXGroup;
			children = (
				5E91802F1E638C0B009B4267 /* Twitter Client */,
				5E91802E1E638C0B009B4267 /* Products */,
				146565BBE6C3D36AE862CF47 /* Pods */,
				10D8B92B4754FF20AAD41F21 /* Frameworks */,
			);
			sourceTree = "<group>";
		};
		5E91802E1E638C0B009B4267 /* Products */ = {
			isa = PBXGroup;
			children = (
				5E91802D1E638C0B009B4267 /* Twitter Client.app */,
			);
			name = Products;
			sourceTree = "<group>";
		};
		5E91802F1E638C0B009B4267 /* Twitter Client */ = {
			isa = PBXGroup;
			children = (
				5E868E481E6643AC00BC2F78 /* models */,
				5E868E471E6643A700BC2F78 /* views */,
				5E868E461E66439A00BC2F78 /* view controllers */,
				5E9180301E638C0B009B4267 /* AppDelegate.swift */,
				5E9180341E638C0B009B4267 /* Main.storyboard */,
				5E9180371E638C0B009B4267 /* Assets.xcassets */,
				5E9180391E638C0B009B4267 /* LaunchScreen.storyboard */,
				5E91803C1E638C0B009B4267 /* Info.plist */,
			);
			path = "Twitter Client";
			sourceTree = "<group>";
		};
/* End PBXGroup section */

/* Begin PBXNativeTarget section */
		5E91802C1E638C0B009B4267 /* Twitter Client */ = {
			isa = PBXNativeTarget;
			buildConfigurationList = 5E91803F1E638C0B009B4267 /* Build configuration list for PBXNativeTarget "Twitter Client" */;
			buildPhases = (
				C73697AC3B7F4D8CEBD66649 /* [CP] Check Pods Manifest.lock */,
				5E9180291E638C0B009B4267 /* Sources */,
				5E91802A1E638C0B009B4267 /* Frameworks */,
				5E91802B1E638C0B009B4267 /* Resources */,
				27E98C000441C56B0171ABB9 /* [CP] Embed Pods Frameworks */,
				486A87C5260398956B0A2E73 /* [CP] Copy Pods Resources */,
			);
			buildRules = (
			);
			dependencies = (
			);
			name = "Twitter Client";
			productName = "Twitter Client";
			productReference = 5E91802D1E638C0B009B4267 /* Twitter Client.app */;
			productType = "com.apple.product-type.application";
		};
/* End PBXNativeTarget section */

/* Begin PBXProject section */
		5E9180251E638C0B009B4267 /* Project object */ = {
			isa = PBXProject;
			attributes = {
				LastSwiftUpdateCheck = 0820;
				LastUpgradeCheck = 0820;
				ORGANIZATIONNAME = samman;
				TargetAttributes = {
					5E91802C1E638C0B009B4267 = {
						CreatedOnToolsVersion = 8.2.1;
						DevelopmentTeam = CAD56Y7477;
						ProvisioningStyle = Automatic;
					};
				};
			};
			buildConfigurationList = 5E9180281E638C0B009B4267 /* Build configuration list for PBXProject "Twitter Client" */;
			compatibilityVersion = "Xcode 3.2";
			developmentRegion = English;
			hasScannedForEncodings = 0;
			knownRegions = (
				en,
				Base,
			);
			mainGroup = 5E9180241E638C0B009B4267;
			productRefGroup = 5E91802E1E638C0B009B4267 /* Products */;
			projectDirPath = "";
			projectRoot = "";
			targets = (
				5E91802C1E638C0B009B4267 /* Twitter Client */,
			);
		};
/* End PBXProject section */

/* Begin PBXResourcesBuildPhase section */
		5E91802B1E638C0B009B4267 /* Resources */ = {
			isa = PBXResourcesBuildPhase;
			buildActionMask = 2147483647;
			files = (
				5E91803B1E638C0B009B4267 /* LaunchScreen.storyboard in Resources */,
				5E9180381E638C0B009B4267 /* Assets.xcassets in Resources */,
				5E9180361E638C0B009B4267 /* Main.storyboard in Resources */,
			);
			runOnlyForDeploymentPostprocessing = 0;
		};
/* End PBXResourcesBuildPhase section */

/* Begin PBXShellScriptBuildPhase section */
		27E98C000441C56B0171ABB9 /* [CP] Embed Pods Frameworks */ = {
			isa = PBXShellScriptBuildPhase;
			buildActionMask = 2147483647;
			files = (
			);
			inputPaths = (
			);
			name = "[CP] Embed Pods Frameworks";
			outputPaths = (
			);
			runOnlyForDeploymentPostprocessing = 0;
			shellPath = /bin/sh;
			shellScript = "\"${SRCROOT}/Pods/Target Support Files/Pods-Twitter Client/Pods-Twitter Client-frameworks.sh\"\n";
			showEnvVarsInLog = 0;
		};
		486A87C5260398956B0A2E73 /* [CP] Copy Pods Resources */ = {
			isa = PBXShellScriptBuildPhase;
			buildActionMask = 2147483647;
			files = (
			);
			inputPaths = (
			);
			name = "[CP] Copy Pods Resources";
			outputPaths = (
			);
			runOnlyForDeploymentPostprocessing = 0;
			shellPath = /bin/sh;
			shellScript = "\"${SRCROOT}/Pods/Target Support Files/Pods-Twitter Client/Pods-Twitter Client-resources.sh\"\n";
			showEnvVarsInLog = 0;
		};
		C73697AC3B7F4D8CEBD66649 /* [CP] Check Pods Manifest.lock */ = {
			isa = PBXShellScriptBuildPhase;
			buildActionMask = 2147483647;
			files = (
			);
			inputPaths = (
			);
			name = "[CP] Check Pods Manifest.lock";
			outputPaths = (
			);
			runOnlyForDeploymentPostprocessing = 0;
			shellPath = /bin/sh;
			shellScript = "diff \"${PODS_ROOT}/../Podfile.lock\" \"${PODS_ROOT}/Manifest.lock\" > /dev/null\nif [ $? != 0 ] ; then\n    # print error to STDERR\n    echo \"error: The sandbox is not in sync with the Podfile.lock. Run 'pod install' or update your CocoaPods installation.\" >&2\n    exit 1\nfi\n";
			showEnvVarsInLog = 0;
		};
/* End PBXShellScriptBuildPhase section */

/* Begin PBXSourcesBuildPhase section */
		5E9180291E638C0B009B4267 /* Sources */ = {
			isa = PBXSourcesBuildPhase;
			buildActionMask = 2147483647;
			files = (
				5E868E4A1E6643CB00BC2F78 /* LoginViewController.swift in Sources */,
				5E9180311E638C0B009B4267 /* AppDelegate.swift in Sources */,
			);
			runOnlyForDeploymentPostprocessing = 0;
		};
/* End PBXSourcesBuildPhase section */

/* Begin PBXVariantGroup section */
		5E9180341E638C0B009B4267 /* Main.storyboard */ = {
			isa = PBXVariantGroup;
			children = (
				5E9180351E638C0B009B4267 /* Base */,
			);
			name = Main.storyboard;
			sourceTree = "<group>";
		};
		5E9180391E638C0B009B4267 /* LaunchScreen.storyboard */ = {
			isa = PBXVariantGroup;
			children = (
				5E91803A1E638C0B009B4267 /* Base */,
			);
			name = LaunchScreen.storyboard;
			sourceTree = "<group>";
		};
/* End PBXVariantGroup section */

/* Begin XCBuildConfiguration section */
		5E91803D1E638C0B009B4267 /* Debug */ = {
			isa = XCBuildConfiguration;
			buildSettings = {
				ALWAYS_SEARCH_USER_PATHS = NO;
				CLANG_ANALYZER_NONNULL = YES;
				CLANG_CXX_LANGUAGE_STANDARD = "gnu++0x";
				CLANG_CXX_LIBRARY = "libc++";
				CLANG_ENABLE_MODULES = YES;
				CLANG_ENABLE_OBJC_ARC = YES;
				CLANG_WARN_BOOL_CONVERSION = YES;
				CLANG_WARN_CONSTANT_CONVERSION = YES;
				CLANG_WARN_DIRECT_OBJC_ISA_USAGE = YES_ERROR;
				CLANG_WARN_DOCUMENTATION_COMMENTS = YES;
				CLANG_WARN_EMPTY_BODY = YES;
				CLANG_WARN_ENUM_CONVERSION = YES;
				CLANG_WARN_INFINITE_RECURSION = YES;
				CLANG_WARN_INT_CONVERSION = YES;
				CLANG_WARN_OBJC_ROOT_CLASS = YES_ERROR;
				CLANG_WARN_SUSPICIOUS_MOVE = YES;
				CLANG_WARN_UNREACHABLE_CODE = YES;
				CLANG_WARN__DUPLICATE_METHOD_MATCH = YES;
				"CODE_SIGN_IDENTITY[sdk=iphoneos*]" = "iPhone Developer";
				COPY_PHASE_STRIP = NO;
				DEBUG_INFORMATION_FORMAT = dwarf;
				ENABLE_STRICT_OBJC_MSGSEND = YES;
				ENABLE_TESTABILITY = YES;
				GCC_C_LANGUAGE_STANDARD = gnu99;
				GCC_DYNAMIC_NO_PIC = NO;
				GCC_NO_COMMON_BLOCKS = YES;
				GCC_OPTIMIZATION_LEVEL = 0;
				GCC_PREPROCESSOR_DEFINITIONS = (
					"DEBUG=1",
					"$(inherited)",
				);
				GCC_WARN_64_TO_32_BIT_CONVERSION = YES;
				GCC_WARN_ABOUT_RETURN_TYPE = YES_ERROR;
				GCC_WARN_UNDECLARED_SELECTOR = YES;
				GCC_WARN_UNINITIALIZED_AUTOS = YES_AGGRESSIVE;
				GCC_WARN_UNUSED_FUNCTION = YES;
				GCC_WARN_UNUSED_VARIABLE = YES;
				IPHONEOS_DEPLOYMENT_TARGET = 10.2;
				MTL_ENABLE_DEBUG_INFO = YES;
				ONLY_ACTIVE_ARCH = YES;
				SDKROOT = iphoneos;
				SWIFT_ACTIVE_COMPILATION_CONDITIONS = DEBUG;
				SWIFT_OPTIMIZATION_LEVEL = "-Onone";
				TARGETED_DEVICE_FAMILY = "1,2";
			};
			name = Debug;
		};
		5E91803E1E638C0B009B4267 /* Release */ = {
			isa = XCBuildConfiguration;
			buildSettings = {
				ALWAYS_SEARCH_USER_PATHS = NO;
				CLANG_ANALYZER_NONNULL = YES;
				CLANG_CXX_LANGUAGE_STANDARD = "gnu++0x";
				CLANG_CXX_LIBRARY = "libc++";
				CLANG_ENABLE_MODULES = YES;
				CLANG_ENABLE_OBJC_ARC = YES;
				CLANG_WARN_BOOL_CONVERSION = YES;
				CLANG_WARN_CONSTANT_CONVERSION = YES;
				CLANG_WARN_DIRECT_OBJC_ISA_USAGE = YES_ERROR;
				CLANG_WARN_DOCUMENTATION_COMMENTS = YES;
				CLANG_WARN_EMPTY_BODY = YES;
				CLANG_WARN_ENUM_CONVERSION = YES;
				CLANG_WARN_INFINITE_RECURSION = YES;
				CLANG_WARN_INT_CONVERSION = YES;
				CLANG_WARN_OBJC_ROOT_CLASS = YES_ERROR;
				CLANG_WARN_SUSPICIOUS_MOVE = YES;
				CLANG_WARN_UNREACHABLE_CODE = YES;
				CLANG_WARN__DUPLICATE_METHOD_MATCH = YES;
				"CODE_SIGN_IDENTITY[sdk=iphoneos*]" = "iPhone Developer";
				COPY_PHASE_STRIP = NO;
				DEBUG_INFORMATION_FORMAT = "dwarf-with-dsym";
				ENABLE_NS_ASSERTIONS = NO;
				ENABLE_STRICT_OBJC_MSGSEND = YES;
				GCC_C_LANGUAGE_STANDARD = gnu99;
				GCC_NO_COMMON_BLOCKS = YES;
				GCC_WARN_64_TO_32_BIT_CONVERSION = YES;
				GCC_WARN_ABOUT_RETURN_TYPE = YES_ERROR;
				GCC_WARN_UNDECLARED_SELECTOR = YES;
				GCC_WARN_UNINITIALIZED_AUTOS = YES_AGGRESSIVE;
				GCC_WARN_UNUSED_FUNCTION = YES;
				GCC_WARN_UNUSED_VARIABLE = YES;
				IPHONEOS_DEPLOYMENT_TARGET = 10.2;
				MTL_ENABLE_DEBUG_INFO = NO;
				SDKROOT = iphoneos;
				SWIFT_OPTIMIZATION_LEVEL = "-Owholemodule";
				TARGETED_DEVICE_FAMILY = "1,2";
				VALIDATE_PRODUCT = YES;
			};
			name = Release;
		};
		5E9180401E638C0B009B4267 /* Debug */ = {
			isa = XCBuildConfiguration;
			baseConfigurationReference = 23A16122E997FEEC3D21A79A /* Pods-Twitter Client.debug.xcconfig */;
			buildSettings = {
				ASSETCATALOG_COMPILER_APPICON_NAME = AppIcon;
				DEVELOPMENT_TEAM = CAD56Y7477;
				INFOPLIST_FILE = "Twitter Client/Info.plist";
				LD_RUNPATH_SEARCH_PATHS = "$(inherited) @executable_path/Frameworks";
				PRODUCT_BUNDLE_IDENTIFIER = "sammanapps.com.Twitter-Client";
				PRODUCT_NAME = "$(TARGET_NAME)";
				SWIFT_VERSION = 3.0;
			};
			name = Debug;
		};
		5E9180411E638C0B009B4267 /* Release */ = {
			isa = XCBuildConfiguration;
			baseConfigurationReference = EBDC0FDE99B07E38EE9691B9 /* Pods-Twitter Client.release.xcconfig */;
			buildSettings = {
				ASSETCATALOG_COMPILER_APPICON_NAME = AppIcon;
				DEVELOPMENT_TEAM = CAD56Y7477;
				INFOPLIST_FILE = "Twitter Client/Info.plist";
				LD_RUNPATH_SEARCH_PATHS = "$(inherited) @executable_path/Frameworks";
				PRODUCT_BUNDLE_IDENTIFIER = "sammanapps.com.Twitter-Client";
				PRODUCT_NAME = "$(TARGET_NAME)";
				SWIFT_VERSION = 3.0;
			};
			name = Release;
		};
/* End XCBuildConfiguration section */

/* Begin XCConfigurationList section */
		5E9180281E638C0B009B4267 /* Build configuration list for PBXProject "Twitter Client" */ = {
			isa = XCConfigurationList;
			buildConfigurations = (
				5E91803D1E638C0B009B4267 /* Debug */,
				5E91803E1E638C0B009B4267 /* Release */,
			);
			defaultConfigurationIsVisible = 0;
			defaultConfigurationName = Release;
		};
		5E91803F1E638C0B009B4267 /* Build configuration list for PBXNativeTarget "Twitter Client" */ = {
			isa = XCConfigurationList;
			buildConfigurations = (
				5E9180401E638C0B009B4267 /* Debug */,
				5E9180411E638C0B009B4267 /* Release */,
			);
			defaultConfigurationIsVisible = 0;
			defaultConfigurationName = Release;
		};
/* End XCConfigurationList section */
	};
	rootObject = 5E9180251E638C0B009B4267 /* Project object */;
}
